
Microsoft Visual Studio Solution File, Format Version 12.00
# Visual Studio Version 16
VisualStudioVersion = 16.0.30128.74
MinimumVisualStudioVersion = 10.0.40219.1
Project("{FAE04EC0-301F-11D3-BF4B-00C04F79EFBC}") = "V8ContextSnapshotToolkit", "V8ContextSnapshotToolkit\V8ContextSnapshotToolkit.csproj", "{AC94B596-DFFB-421A-AFC7-BDF0C6807589}"
EndProject
Global
	GlobalSection(SolutionConfigurationPlatforms) = preSolution
		Debug|Any CPU = Debug|Any CPU
		Release|Any CPU = Release|Any CPU
	EndGlobalSection
	GlobalSection(ProjectConfigurationPlatforms) = postSolution
		{AC94B596-DFFB-421A-AFC7-BDF0C6807589}.Debug|Any CPU.ActiveCfg = Debug|Any CPU
		{AC94B596-DFFB-421A-AFC7-BDF0C6807589}.Debug|Any CPU.Build.0 = Debug|Any CPU
		{AC94B596-DFFB-421A-AFC7-BDF0C6807589}.Release|Any CPU.ActiveCfg = Release|Any CPU
		{AC94B596-DFFB-421A-AFC7-BDF0C6807589}.Release|Any CPU.Build.0 = Release|Any CPU
	EndGlobalSection
	GlobalSection(SolutionProperties) = preSolution
		HideSolutionNode = FALSE
	EndGlobalSection
	GlobalSection(ExtensibilityGlobals) = postSolution
		SolutionGuid = {5C6E9F46-6965-4983-A530-E315F3A643D3}
	EndGlobalSection
EndGlobal
